
Microsoft Visual Studio Solution File, Format Version 12.00
# Visual Studio 15
VisualStudioVersion = 15.0.28010.2046
MinimumVisualStudioVersion = 10.0.40219.1
Project("{FAE04EC0-301F-11D3-BF4B-00C04F79EFBC}") = "CalcLibrary", "CalcLibrary\CalcLibrary.csproj", "{53925D95-8120-4871-8EE0-DE494845F9F6}"
EndProject
Project("{FAE04EC0-301F-11D3-BF4B-00C04F79EFBC}") = "CalcLibrary_Tests", "CalcLibrary_Tests\CalcLibrary_Tests.csproj", "{BF5E3415-BC61-485C-B1F7-E10C04ABFBFB}"
EndProject
Global
	GlobalSection(SolutionConfigurationPlatforms) = preSolution
		Debug|Any CPU = Debug|Any CPU
		Release|Any CPU = Release|Any CPU
	EndGlobalSection
	GlobalSection(ProjectConfigurationPlatforms) = postSolution
		{53925D95-8120-4871-8EE0-DE494845F9F6}.Debug|Any CPU.ActiveCfg = Debug|Any CPU
		{53925D95-8120-4871-8EE0-DE494845F9F6}.Debug|Any CPU.Build.0 = Debug|Any CPU
		{53925D95-8120-4871-8EE0-DE494845F9F6}.Release|Any CPU.ActiveCfg = Release|Any CPU
		{53925D95-8120-4871-8EE0-DE494845F9F6}.Release|Any CPU.Build.0 = Release|Any CPU
		{BF5E3415-BC61-485C-B1F7-E10C04ABFBFB}.Debug|Any CPU.ActiveCfg = Debug|Any CPU
		{BF5E3415-BC61-485C-B1F7-E10C04ABFBFB}.Debug|Any CPU.Build.0 = Debug|Any CPU
		{BF5E3415-BC61-485C-B1F7-E10C04ABFBFB}.Release|Any CPU.ActiveCfg = Release|Any CPU
		{BF5E3415-BC61-485C-B1F7-E10C04ABFBFB}.Release|Any CPU.Build.0 = Release|Any CPU
	EndGlobalSection
	GlobalSection(SolutionProperties) = preSolution
		HideSolutionNode = FALSE
	EndGlobalSection
	GlobalSection(ExtensibilityGlobals) = postSolution
		SolutionGuid = {FD5E1D6E-082B-4E27-AE95-D0B24346E0F3}
	EndGlobalSection
EndGlobal
